
Microsoft Visual Studio Solution File, Format Version 12.00
# Visual Studio 15
VisualStudioVersion = 15.0.28010.2016
MinimumVisualStudioVersion = 10.0.40219.1
Project("{FAE04EC0-301F-11D3-BF4B-00C04F79EFBC}") = "MazeSolver", "MazeSolver\MazeSolver.csproj", "{44B06CFF-77CB-4E64-B579-0B1AD8777EB3}"
EndProject
Project("{FAE04EC0-301F-11D3-BF4B-00C04F79EFBC}") = "MazeBuilder", "MazeBuilder\MazeBuilder.csproj", "{91655F9B-5E7B-4936-9919-3706059DB38B}"
EndProject
Global
	GlobalSection(SolutionConfigurationPlatforms) = preSolution
		Debug|Any CPU = Debug|Any CPU
		Release|Any CPU = Release|Any CPU
	EndGlobalSection
	GlobalSection(ProjectConfigurationPlatforms) = postSolution
		{44B06CFF-77CB-4E64-B579-0B1AD8777EB3}.Debug|Any CPU.ActiveCfg = Debug|Any CPU
		{44B06CFF-77CB-4E64-B579-0B1AD8777EB3}.Debug|Any CPU.Build.0 = Debug|Any CPU
		{44B06CFF-77CB-4E64-B579-0B1AD8777EB3}.Release|Any CPU.ActiveCfg = Release|Any CPU
		{44B06CFF-77CB-4E64-B579-0B1AD8777EB3}.Release|Any CPU.Build.0 = Release|Any CPU
		{91655F9B-5E7B-4936-9919-3706059DB38B}.Debug|Any CPU.ActiveCfg = Debug|Any CPU
		{91655F9B-5E7B-4936-9919-3706059DB38B}.Debug|Any CPU.Build.0 = Debug|Any CPU
		{91655F9B-5E7B-4936-9919-3706059DB38B}.Release|Any CPU.ActiveCfg = Release|Any CPU
		{91655F9B-5E7B-4936-9919-3706059DB38B}.Release|Any CPU.Build.0 = Release|Any CPU
	EndGlobalSection
	GlobalSection(SolutionProperties) = preSolution
		HideSolutionNode = FALSE
	EndGlobalSection
	GlobalSection(ExtensibilityGlobals) = postSolution
		SolutionGuid = {FBB1A449-2ABC-4B51-8FD2-6725ECF4B91D}
	EndGlobalSection
EndGlobal
